
Microsoft Visual Studio Solution File, Format Version 12.00
# Visual Studio Version 17
VisualStudioVersion = 17.13.35931.197 d17.13
MinimumVisualStudioVersion = 10.0.40219.1
Project("{FAE04EC0-301F-11D3-BF4B-00C04F79EFBC}") = "WebApplication5", "WebApplication5\WebApplication5.csproj", "{7E4EC8B9-58D3-4397-BCF8-A38BCFB88C47}"
EndProject
Global
	GlobalSection(SolutionConfigurationPlatforms) = preSolution
		Debug|Any CPU = Debug|Any CPU
		Release|Any CPU = Release|Any CPU
	EndGlobalSection
	GlobalSection(ProjectConfigurationPlatforms) = postSolution
		{7E4EC8B9-58D3-4397-BCF8-A38BCFB88C47}.Debug|Any CPU.ActiveCfg = Debug|Any CPU
		{7E4EC8B9-58D3-4397-BCF8-A38BCFB88C47}.Debug|Any CPU.Build.0 = Debug|Any CPU
		{7E4EC8B9-58D3-4397-BCF8-A38BCFB88C47}.Release|Any CPU.ActiveCfg = Release|Any CPU
		{7E4EC8B9-58D3-4397-BCF8-A38BCFB88C47}.Release|Any CPU.Build.0 = Release|Any CPU
	EndGlobalSection
	GlobalSection(SolutionProperties) = preSolution
		HideSolutionNode = FALSE
	EndGlobalSection
	GlobalSection(ExtensibilityGlobals) = postSolution
		SolutionGuid = {E92482E4-C724-483F-B0C0-089032406E25}
	EndGlobalSection
EndGlobal
